# THIS IS AN AUTOGENERATED FILE. DO NOT EDIT THIS FILE DIRECTLY.
# yarn lockfile v1


"@angular/common@2.2.4":
  version "2.2.4"
  resolved "https://registry.yarnpkg.com/@angular/common/-/common-2.2.4.tgz#0e798cce826ba304d3b29556527a1a531f407159"

"@angular/compiler@2.2.4":
  version "2.2.4"
  resolved "https://registry.yarnpkg.com/@angular/compiler/-/compiler-2.2.4.tgz#40e8db5f801939ddc1a163079dc71b3be81a06ae"

"@angular/core@2.2.4":
  version "2.2.4"
  resolved "https://registry.yarnpkg.com/@angular/core/-/core-2.2.4.tgz#d00d5cfc734fd610cbafc14eb0749c957f004aa9"

"@angular/forms@2.2.4":
  version "2.2.4"
  resolved "https://registry.yarnpkg.com/@angular/forms/-/forms-2.2.4.tgz#95f15ca1938879298ccc0ef8a3e9ef5e750e31ef"

"@angular/http@2.2.4":
  version "2.2.4"
  resolved "https://registry.yarnpkg.com/@angular/http/-/http-2.2.4.tgz#ccfeb3f805e0628f6bb9efa129ef432d79548c63"

"@angular/platform-browser-dynamic@2.2.4":
  version "2.2.4"
  resolved "https://registry.yarnpkg.com/@angular/platform-browser-dynamic/-/platform-browser-dynamic-2.2.4.tgz#4895cc035ab393ec9e74e7684211a9209ea86825"

"@angular/platform-browser@2.2.4":
  version "2.2.4"
  resolved "https://registry.yarnpkg.com/@angular/platform-browser/-/platform-browser-2.2.4.tgz#6041e02c7ed62622c926060869506705f79fb5fb"

"@angular/router@~3.2.0":
  version "3.2.4"
  resolved "https://registry.yarnpkg.com/@angular/router/-/router-3.2.4.tgz#dfec71ad072ec031364ba5d08bd6fe03fd5beadc"

bootstrap@4.0.0-alpha.4:
  version "4.0.0-alpha.4"
  resolved "https://registry.yarnpkg.com/bootstrap/-/bootstrap-4.0.0-alpha.4.tgz#823cb353d6c50a38df98aa18ec4df56ef0355e7a"
  dependencies:
    jquery "1.9.1 - 3"
    tether "^1.1.1"

core-js@^2.4.1:
  version "2.4.1"
  resolved "https://registry.yarnpkg.com/core-js/-/core-js-2.4.1.tgz#4de911e667b0eae9124e34254b53aea6fc618d3e"

font-awesome@^4.7.0:
  version "4.7.0"
  resolved "https://registry.yarnpkg.com/font-awesome/-/font-awesome-4.7.0.tgz#8fa8cf0411a1a31afd07b06d2902bb9fc815a133"

"jquery@1.9.1 - 3":
  version "3.1.1"
  resolved "https://registry.yarnpkg.com/jquery/-/jquery-3.1.1.tgz#347c1c21c7e004115e0a4da32cece041fad3c8a3"

rxjs@5.0.0-beta.12:
  version "5.0.0-beta.12"
  resolved "https://registry.yarnpkg.com/rxjs/-/rxjs-5.0.0-beta.12.tgz#cdfde2d8c4639d20ae7794bff8fddf32da7ad337"
  dependencies:
    symbol-observable "^1.0.1"

symbol-observable@^1.0.1:
  version "1.0.4"
  resolved "https://registry.yarnpkg.com/symbol-observable/-/symbol-observable-1.0.4.tgz#29bf615d4aa7121bdd898b22d4b3f9bc4e2aa03d"

tether@^1.1.1:
  version "1.4.0"
  resolved "https://registry.yarnpkg.com/tether/-/tether-1.4.0.tgz#0f9fa171f75bf58485d8149e94799d7ae74d1c1a"

ts-helpers@^1.1.2:
  version "1.1.2"
  resolved "https://registry.yarnpkg.com/ts-helpers/-/ts-helpers-1.1.2.tgz#fc69be9f1f3baed01fb1a0ef8d4cfe748814d835"

typescript@2.0.10:
  version "2.0.10"
  resolved "https://registry.yarnpkg.com/typescript/-/typescript-2.0.10.tgz#ccdd4ed86fd5550a407101a0814012e1b3fac3dd"

zone.js@^0.6.21:
  version "0.6.26"
  resolved "https://registry.yarnpkg.com/zone.js/-/zone.js-0.6.26.tgz#067c13b8b80223a89b62e9dc82680f09762c4636"
