# THIS IS AN AUTOGENERATED FILE. DO NOT EDIT THIS FILE DIRECTLY.
# yarn lockfile v1


"@angular/common@2.2.1":
  version "2.2.1"
  resolved "https://crm.inside-m2m.de/nexus/repository/npm-all/@angular/common/-/common-2.2.1.tgz#ad7996a865b7b11fc315363827f2414a48c6589c"

"@angular/compiler-cli@2.2.1":
  version "2.2.1"
  resolved "https://crm.inside-m2m.de/nexus/repository/npm-all/@angular/compiler-cli/-/compiler-cli-2.2.1.tgz#166469b881d63946cc3e45c47a87d2b6cd902386"
  dependencies:
    "@angular/tsc-wrapped" "^0.3.0"
    minimist "^1.2.0"
    reflect-metadata "^0.1.2"

"@angular/compiler@2.2.1":
  version "2.2.1"
  resolved "https://crm.inside-m2m.de/nexus/repository/npm-all/@angular/compiler/-/compiler-2.2.1.tgz#16e7faf588cf9121a0f6c16d0bae2830f4cafdc1"

"@angular/core@2.2.1":
  version "2.2.1"
  resolved "https://crm.inside-m2m.de/nexus/repository/npm-all/@angular/core/-/core-2.2.1.tgz#86fdc34a370a4fcfe84ed9de4b3c43548612919c"

"@angular/forms@2.2.1":
  version "2.2.1"
  resolved "https://crm.inside-m2m.de/nexus/repository/npm-all/@angular/forms/-/forms-2.2.1.tgz#0e7154acc5127c583b4b52c59eac45d672c29da4"

"@angular/http@2.2.1":
  version "2.2.1"
  resolved "https://crm.inside-m2m.de/nexus/repository/npm-all/@angular/http/-/http-2.2.1.tgz#1626884a6c5f0cc602ce9d81e7420fcc02db3353"

"@angular/platform-browser-dynamic@2.2.1":
  version "2.2.1"
  resolved "https://crm.inside-m2m.de/nexus/repository/npm-all/@angular/platform-browser-dynamic/-/platform-browser-dynamic-2.2.1.tgz#561d32982fee4b68b474ba474c7f3c4d94bfeb6c"

"@angular/platform-browser@2.2.1":
  version "2.2.1"
  resolved "https://crm.inside-m2m.de/nexus/repository/npm-all/@angular/platform-browser/-/platform-browser-2.2.1.tgz#d51b36260089f3054e745efad05993523d5a5293"

"@angular/platform-server@2.2.1":
  version "2.2.1"
  resolved "https://crm.inside-m2m.de/nexus/repository/npm-all/@angular/platform-server/-/platform-server-2.2.1.tgz#fda7acc7113bfc58ec9d72a0a2fcc6a6e5c5226b"
  dependencies:
    parse5 "^2.2.1"

"@angular/router@3.2.1":
  version "3.2.1"
  resolved "https://crm.inside-m2m.de/nexus/repository/npm-all/@angular/router/-/router-3.2.1.tgz#eeace722a5a222bd6b1379df7a5bc580ace093ca"

"@angular/tsc-wrapped@^0.3.0":
  version "0.3.0"
  resolved "https://crm.inside-m2m.de/nexus/repository/npm-all/@angular/tsc-wrapped/-/tsc-wrapped-0.3.0.tgz#98cdeb5c38d145b187c0ad0397a8d98b217f33f2"
  dependencies:
    tsickle "^0.1.7"

"@angularclass/hmr@^1.2.2":
  version "1.2.2"
  resolved "https://crm.inside-m2m.de/nexus/repository/npm-all/@angularclass/hmr/-/hmr-1.2.2.tgz#46a18f89a1e94d05c268b83c9480e005f73fc265"

amdefine@>=0.0.4:
  version "1.0.1"
  resolved "https://crm.inside-m2m.de/nexus/repository/npm-all/amdefine/-/amdefine-1.0.1.tgz#4a5282ac164729e93619bcfd3ad151f817ce91f5"

core-js@^2.4.1:
  version "2.4.1"
  resolved "https://crm.inside-m2m.de/nexus/repository/npm-all/core-js/-/core-js-2.4.1.tgz#4de911e667b0eae9124e34254b53aea6fc618d3e"

ionic-angular@^2.0.0-rc.4:
  version "2.0.0-rc.4-201612161746"
  resolved "https://crm.inside-m2m.de/nexus/repository/npm-all/ionic-angular/-/ionic-angular-2.0.0-rc.4-201612161746.tgz#a6eb20b3a3f32f6071c5b89c0da7ca1e1418ec65"

ionicons@^3.0.0:
  version "3.0.0"
  resolved "https://crm.inside-m2m.de/nexus/repository/npm-all/ionicons/-/ionicons-3.0.0.tgz#40b8daf4fd7a31150bd002160f66496e22a98c3c"

minimist@0.0.8:
  version "0.0.8"
  resolved "https://crm.inside-m2m.de/nexus/repository/npm-all/minimist/-/minimist-0.0.8.tgz#857fcabfc3397d2625b8228262e86aa7a011b05d"

minimist@^1.2.0:
  version "1.2.0"
  resolved "https://crm.inside-m2m.de/nexus/repository/npm-all/minimist/-/minimist-1.2.0.tgz#a35008b20f41383eec1fb914f4cd5df79a264284"

mkdirp@^0.5.1:
  version "0.5.1"
  resolved "https://crm.inside-m2m.de/nexus/repository/npm-all/mkdirp/-/mkdirp-0.5.1.tgz#30057438eac6cf7f8c4767f38648d6697d75c903"
  dependencies:
    minimist "0.0.8"

parse5@^2.2.1:
  version "2.2.3"
  resolved "https://crm.inside-m2m.de/nexus/repository/npm-all/parse5/-/parse5-2.2.3.tgz#0c4fc41c1000c5e6b93d48b03f8083837834e9f6"

reflect-metadata@^0.1.2:
  version "0.1.8"
  resolved "https://crm.inside-m2m.de/nexus/repository/npm-all/reflect-metadata/-/reflect-metadata-0.1.8.tgz#72426d570b60776e3688968bd5ab9537a15cecf6"

rxjs@5.0.0-beta.12:
  version "5.0.0-beta.12"
  resolved "https://crm.inside-m2m.de/nexus/repository/npm-all/rxjs/-/rxjs-5.0.0-beta.12.tgz#cdfde2d8c4639d20ae7794bff8fddf32da7ad337"
  dependencies:
    symbol-observable "^1.0.1"

source-map-support@^0.3.1:
  version "0.3.3"
  resolved "https://crm.inside-m2m.de/nexus/repository/npm-all/source-map-support/-/source-map-support-0.3.3.tgz#34900977d5ba3f07c7757ee72e73bb1a9b53754f"
  dependencies:
    source-map "0.1.32"

source-map@0.1.32:
  version "0.1.32"
  resolved "https://crm.inside-m2m.de/nexus/repository/npm-all/source-map/-/source-map-0.1.32.tgz#c8b6c167797ba4740a8ea33252162ff08591b266"
  dependencies:
    amdefine ">=0.0.4"

source-map@^0.4.2:
  version "0.4.4"
  resolved "https://crm.inside-m2m.de/nexus/repository/npm-all/source-map/-/source-map-0.4.4.tgz#eba4f5da9c0dc999de68032d8b4f76173652036b"
  dependencies:
    amdefine ">=0.0.4"

symbol-observable@^1.0.1:
  version "1.0.4"
  resolved "https://crm.inside-m2m.de/nexus/repository/npm-all/symbol-observable/-/symbol-observable-1.0.4.tgz#29bf615d4aa7121bdd898b22d4b3f9bc4e2aa03d"

ts-helpers@^1.1.2:
  version "1.1.2"
  resolved "https://crm.inside-m2m.de/nexus/repository/npm-all/ts-helpers/-/ts-helpers-1.1.2.tgz#fc69be9f1f3baed01fb1a0ef8d4cfe748814d835"

tsickle@^0.1.7:
  version "0.1.7"
  resolved "https://crm.inside-m2m.de/nexus/repository/npm-all/tsickle/-/tsickle-0.1.7.tgz#bfe8f4cdcdaf9a40b84a729a38480c2f824f18ab"
  dependencies:
    minimist "^1.2.0"
    mkdirp "^0.5.1"
    source-map "^0.4.2"
    source-map-support "^0.3.1"

typescript@2.0.10:
  version "2.0.10"
  resolved "https://crm.inside-m2m.de/nexus/repository/npm-all/typescript/-/typescript-2.0.10.tgz#ccdd4ed86fd5550a407101a0814012e1b3fac3dd"

zone.js@^0.6.21:
  version "0.6.26"
  resolved "https://crm.inside-m2m.de/nexus/repository/npm-all/zone.js/-/zone.js-0.6.26.tgz#067c13b8b80223a89b62e9dc82680f09762c4636"
