# THIS IS AN AUTOGENERATED FILE. DO NOT EDIT THIS FILE DIRECTLY.
# yarn lockfile v1


"@angular/common@^2.4.9":
  version "2.4.9"
  resolved "https://crm.inside-m2m.de/nexus/repository/npm-all/@angular/common/-/common-2.4.9.tgz#3094f973e18330526256dcd13fcf27609b7abc08"

"@angular/compiler-cli@^2.4.9":
  version "2.4.9"
  resolved "https://crm.inside-m2m.de/nexus/repository/npm-all/@angular/compiler-cli/-/compiler-cli-2.4.9.tgz#8ac4e28c12d2b09a10aabf9cb95c569844b90db3"
  dependencies:
    "@angular/tsc-wrapped" "0.5.2"
    minimist "^1.2.0"
    reflect-metadata "^0.1.2"

"@angular/compiler@^2.4.9":
  version "2.4.9"
  resolved "https://crm.inside-m2m.de/nexus/repository/npm-all/@angular/compiler/-/compiler-2.4.9.tgz#ee159181c4013046598e1d176b45063bddb141f6"

"@angular/core@^2.4.9":
  version "2.4.9"
  resolved "https://crm.inside-m2m.de/nexus/repository/npm-all/@angular/core/-/core-2.4.9.tgz#85dca2afa4021be91512c97597702ac8d73092e6"

"@angular/forms@^2.4.9":
  version "2.4.9"
  resolved "https://crm.inside-m2m.de/nexus/repository/npm-all/@angular/forms/-/forms-2.4.9.tgz#a1ee9f403267fd78041f9ee77d1c9c24150e1d7c"

"@angular/http@^2.4.9":
  version "2.4.9"
  resolved "https://crm.inside-m2m.de/nexus/repository/npm-all/@angular/http/-/http-2.4.9.tgz#a7de980d564ac25a497c5e822d2b941c1f143d48"

"@angular/platform-browser-dynamic@^2.4.9":
  version "2.4.9"
  resolved "https://crm.inside-m2m.de/nexus/repository/npm-all/@angular/platform-browser-dynamic/-/platform-browser-dynamic-2.4.9.tgz#353b92e8670065ab5b1b6baea3a96928b174ee09"

"@angular/platform-browser@^2.4.9":
  version "2.4.9"
  resolved "https://crm.inside-m2m.de/nexus/repository/npm-all/@angular/platform-browser/-/platform-browser-2.4.9.tgz#936139a1e0d280394988473a8a11d922d768f89e"

"@angular/platform-server@^2.4.9":
  version "2.4.9"
  resolved "https://crm.inside-m2m.de/nexus/repository/npm-all/@angular/platform-server/-/platform-server-2.4.9.tgz#d3710cbd96d2b9f41f8800a6525c783628af8da3"
  dependencies:
    parse5 "^2.2.1"

"@angular/router@^3.4.9":
  version "3.4.9"
  resolved "https://crm.inside-m2m.de/nexus/repository/npm-all/@angular/router/-/router-3.4.9.tgz#2525384124140fefae20bf661262b611f28ffc92"

"@angular/tsc-wrapped@0.5.2":
  version "0.5.2"
  resolved "https://crm.inside-m2m.de/nexus/repository/npm-all/@angular/tsc-wrapped/-/tsc-wrapped-0.5.2.tgz#2eddf472c467fcb334ea94deddaaa71990c5a482"
  dependencies:
    tsickle "^0.2"

"@angularclass/hmr@^1.2.2":
  version "1.2.2"
  resolved "https://registry.yarnpkg.com/@angularclass/hmr/-/hmr-1.2.2.tgz#46a18f89a1e94d05c268b83c9480e005f73fc265"

core-js@^2.4.1:
  version "2.4.1"
  resolved "https://registry.yarnpkg.com/core-js/-/core-js-2.4.1.tgz#4de911e667b0eae9124e34254b53aea6fc618d3e"

ionic-angular@^2.2.0:
  version "2.2.0"
  resolved "https://crm.inside-m2m.de/nexus/repository/npm-all/ionic-angular/-/ionic-angular-2.2.0.tgz#5c48212d4c491626863ddce9292af0d3e6e2adca"

ionicons@^3.0.0:
  version "3.0.0"
  resolved "https://registry.yarnpkg.com/ionicons/-/ionicons-3.0.0.tgz#40b8daf4fd7a31150bd002160f66496e22a98c3c"

minimist@0.0.8:
  version "0.0.8"
  resolved "https://registry.yarnpkg.com/minimist/-/minimist-0.0.8.tgz#857fcabfc3397d2625b8228262e86aa7a011b05d"

minimist@^1.2.0:
  version "1.2.0"
  resolved "https://registry.yarnpkg.com/minimist/-/minimist-1.2.0.tgz#a35008b20f41383eec1fb914f4cd5df79a264284"

mkdirp@^0.5.1:
  version "0.5.1"
  resolved "https://registry.yarnpkg.com/mkdirp/-/mkdirp-0.5.1.tgz#30057438eac6cf7f8c4767f38648d6697d75c903"
  dependencies:
    minimist "0.0.8"

parse5@^2.2.1:
  version "2.2.3"
  resolved "https://registry.yarnpkg.com/parse5/-/parse5-2.2.3.tgz#0c4fc41c1000c5e6b93d48b03f8083837834e9f6"

reflect-metadata@^0.1.2:
  version "0.1.8"
  resolved "https://registry.yarnpkg.com/reflect-metadata/-/reflect-metadata-0.1.8.tgz#72426d570b60776e3688968bd5ab9537a15cecf6"

rxjs@^5.2.0:
  version "5.2.0"
  resolved "https://crm.inside-m2m.de/nexus/repository/npm-all/rxjs/-/rxjs-5.2.0.tgz#db537de8767c05fa73721587a29e0085307d318b"
  dependencies:
    symbol-observable "^1.0.1"

source-map-support@^0.4.2:
  version "0.4.12"
  resolved "https://crm.inside-m2m.de/nexus/repository/npm-all/source-map-support/-/source-map-support-0.4.12.tgz#f47d02bf01efaf0c160d3a37d038401b92b1867e"
  dependencies:
    source-map "^0.5.6"

source-map@^0.5.6:
  version "0.5.6"
  resolved "https://crm.inside-m2m.de/nexus/repository/npm-all/source-map/-/source-map-0.5.6.tgz#75ce38f52bf0733c5a7f0c118d81334a2bb5f412"

symbol-observable@^1.0.1:
  version "1.0.4"
  resolved "https://registry.yarnpkg.com/symbol-observable/-/symbol-observable-1.0.4.tgz#29bf615d4aa7121bdd898b22d4b3f9bc4e2aa03d"

ts-helpers@^1.1.2:
  version "1.1.2"
  resolved "https://registry.yarnpkg.com/ts-helpers/-/ts-helpers-1.1.2.tgz#fc69be9f1f3baed01fb1a0ef8d4cfe748814d835"

tsickle@^0.2:
  version "0.2.6"
  resolved "https://crm.inside-m2m.de/nexus/repository/npm-all/tsickle/-/tsickle-0.2.6.tgz#ad4abf92e74ebdf3fb5aa187ca85b02066fe1a1b"
  dependencies:
    minimist "^1.2.0"
    mkdirp "^0.5.1"
    source-map "^0.5.6"
    source-map-support "^0.4.2"

typescript@^2.2.1:
  version "2.2.1"
  resolved "https://crm.inside-m2m.de/nexus/repository/npm-all/typescript/-/typescript-2.2.1.tgz#4862b662b988a4c8ff691cc7969622d24db76ae9"

zone.js@^0.8.2:
  version "0.8.2"
  resolved "https://crm.inside-m2m.de/nexus/repository/npm-all/zone.js/-/zone.js-0.8.2.tgz#85d2c9d4c2cdb36eaeab4b50be68e06bf72be86c"
